{
  "name": "@freestyle-sh/with-web-terminal",
  "version": "0.0.6",
  "lockfileVersion": 3,
  "requires": true,
  "packages": {
    "": {
      "name": "@freestyle-sh/with-web-terminal",
      "version": "0.0.6",
      "dependencies": {
        "freestyle-sandboxes": "^0.1.12"
      },
      "devDependencies": {
        "pkgroll": "^2.11.2",
        "typescript": "^5.8.3"
      }
    },
    "../node_modules/.pnpm/freestyle-sandboxes@0.1.13/node_modules/freestyle-sandboxes": {
      "version": "0.1.13"
    },
    "../node_modules/.pnpm/pkgroll@2.21.5_typescript@5.9.3/node_modules/pkgroll": {
      "version": "2.21.5",
      "dev": true,
      "license": "MIT",
      "dependencies": {
        "@rollup/plugin-alias": "^6.0.0",
        "@rollup/plugin-commonjs": "^29.0.0",
        "@rollup/plugin-dynamic-import-vars": "^2.1.5",
        "@rollup/plugin-inject": "^5.0.5",
        "@rollup/plugin-json": "^6.1.0",
        "@rollup/plugin-node-resolve": "^16.0.3",
        "@rollup/pluginutils": "^5.3.0",
        "cjs-module-lexer": "^2.1.1",
        "esbuild": "^0.26.0",
        "magic-string": "^0.30.21",
        "rollup": "^4.53.1",
        "rollup-pluginutils": "^2.8.2",
        "yaml": "^2.8.1"
      },
      "bin": {
        "pkgroll": "dist/cli.mjs"
      },
      "engines": {
        "node": ">=18"
      },
      "funding": {
        "url": "https://github.com/privatenumber/pkgroll?sponsor=1"
      },
      "peerDependencies": {
        "typescript": "^4.1 || ^5.0"
      },
      "peerDependenciesMeta": {
        "typescript": {
          "optional": true
        }
      }
    },
    "../node_modules/.pnpm/typescript@5.9.3/node_modules/typescript": {
      "version": "5.9.3",
      "dev": true,
      "license": "Apache-2.0",
      "bin": {
        "tsc": "bin/tsc",
        "tsserver": "bin/tsserver"
      },
      "devDependencies": {
        "@dprint/formatter": "^0.4.1",
        "@dprint/typescript": "0.93.4",
        "@esfx/canceltoken": "^1.0.0",
        "@eslint/js": "^9.20.0",
        "@octokit/rest": "^21.1.1",
        "@types/chai": "^4.3.20",
        "@types/diff": "^7.0.1",
        "@types/minimist": "^1.2.5",
        "@types/mocha": "^10.0.10",
        "@types/ms": "^0.7.34",
        "@types/node": "latest",
        "@types/source-map-support": "^0.5.10",
        "@types/which": "^3.0.4",
        "@typescript-eslint/rule-tester": "^8.24.1",
        "@typescript-eslint/type-utils": "^8.24.1",
        "@typescript-eslint/utils": "^8.24.1",
        "azure-devops-node-api": "^14.1.0",
        "c8": "^10.1.3",
        "chai": "^4.5.0",
        "chokidar": "^4.0.3",
        "diff": "^7.0.0",
        "dprint": "^0.49.0",
        "esbuild": "^0.25.0",
        "eslint": "^9.20.1",
        "eslint-formatter-autolinkable-stylish": "^1.4.0",
        "eslint-plugin-regexp": "^2.7.0",
        "fast-xml-parser": "^4.5.2",
        "glob": "^10.4.5",
        "globals": "^15.15.0",
        "hereby": "^1.10.0",
        "jsonc-parser": "^3.3.1",
        "knip": "^5.44.4",
        "minimist": "^1.2.8",
        "mocha": "^10.8.2",
        "mocha-fivemat-progress-reporter": "^0.1.0",
        "monocart-coverage-reports": "^2.12.1",
        "ms": "^2.1.3",
        "picocolors": "^1.1.1",
        "playwright": "^1.50.1",
        "source-map-support": "^0.5.21",
        "tslib": "^2.8.1",
        "typescript": "^5.7.3",
        "typescript-eslint": "^8.24.1",
        "which": "^3.0.1"
      },
      "engines": {
        "node": ">=14.17"
      }
    },
    "node_modules/freestyle-sandboxes": {
      "resolved": "../node_modules/.pnpm/freestyle-sandboxes@0.1.13/node_modules/freestyle-sandboxes",
      "link": true
    },
    "node_modules/pkgroll": {
      "resolved": "../node_modules/.pnpm/pkgroll@2.21.5_typescript@5.9.3/node_modules/pkgroll",
      "link": true
    },
    "node_modules/typescript": {
      "resolved": "../node_modules/.pnpm/typescript@5.9.3/node_modules/typescript",
      "link": true
    }
  }
}
